
Microsoft Visual Studio Solution File, Format Version 12.00
# Visual Studio Version 17
VisualStudioVersion = 17.4.33403.182
MinimumVisualStudioVersion = 10.0.40219.1
Project("{FAE04EC0-301F-11D3-BF4B-00C04F79EFBC}") = "AspNetCore6.BugTracker", "AspNetCore6.BugTracker.csproj", "{D97F1BDC-E4EB-4FAD-B25D-23548ADA724D}"
EndProject
Global
	GlobalSection(SolutionConfigurationPlatforms) = preSolution
		Debug|Any CPU = Debug|Any CPU
		Release|Any CPU = Release|Any CPU
	EndGlobalSection
	GlobalSection(ProjectConfigurationPlatforms) = postSolution
		{D97F1BDC-E4EB-4FAD-B25D-23548ADA724D}.Debug|Any CPU.ActiveCfg = Debug|Any CPU
		{D97F1BDC-E4EB-4FAD-B25D-23548ADA724D}.Debug|Any CPU.Build.0 = Debug|Any CPU
		{D97F1BDC-E4EB-4FAD-B25D-23548ADA724D}.Release|Any CPU.ActiveCfg = Release|Any CPU
		{D97F1BDC-E4EB-4FAD-B25D-23548ADA724D}.Release|Any CPU.Build.0 = Release|Any CPU
	EndGlobalSection
	GlobalSection(SolutionProperties) = preSolution
		HideSolutionNode = FALSE
	EndGlobalSection
	GlobalSection(ExtensibilityGlobals) = postSolution
		SolutionGuid = {9F107F68-F3E4-413A-AB95-49D807FD1321}
	EndGlobalSection
EndGlobal
